
Microsoft Visual Studio Solution File, Format Version 12.00
# Visual Studio Version 17
VisualStudioVersion = 17.5.33627.172
MinimumVisualStudioVersion = 10.0.40219.1
Project("{9A19103F-16F7-4668-BE54-9A1E7A4F7556}") = "B2BCompany.Web", "B2BCompany.Web\B2BCompany.Web.csproj", "{3960BB95-A033-4D82-9A00-ED143D7B2479}"
EndProject
Global
	GlobalSection(SolutionConfigurationPlatforms) = preSolution
		Debug|Any CPU = Debug|Any CPU
		Release|Any CPU = Release|Any CPU
	EndGlobalSection
	GlobalSection(ProjectConfigurationPlatforms) = postSolution
		{3960BB95-A033-4D82-9A00-ED143D7B2479}.Debug|Any CPU.ActiveCfg = Debug|Any CPU
		{3960BB95-A033-4D82-9A00-ED143D7B2479}.Debug|Any CPU.Build.0 = Debug|Any CPU
		{3960BB95-A033-4D82-9A00-ED143D7B2479}.Release|Any CPU.ActiveCfg = Release|Any CPU
		{3960BB95-A033-4D82-9A00-ED143D7B2479}.Release|Any CPU.Build.0 = Release|Any CPU
	EndGlobalSection
	GlobalSection(SolutionProperties) = preSolution
		HideSolutionNode = FALSE
	EndGlobalSection
	GlobalSection(ExtensibilityGlobals) = postSolution
		SolutionGuid = {5747F7BD-54CD-414D-BAAE-146CBA1CECDF}
	EndGlobalSection
EndGlobal
